Microsoft Visual Studio Solution File, Format Version 12.00
# Visual Studio Version 16
VisualStudioVersion = 16.0.31205.134
MinimumVisualStudioVersion = 10.0.40219.1
Project("{524013B7-2675-40BF-B1E9-2217B657F1B9}") = "SteelSoulHUD", "SteelSoulHUD/SteelSoulHUD.csproj", "{DCDD3217-5732-47F8-AFF2-5916ADC722D9}"
EndProject
Global
	GlobalSection(SolutionConfigurationPlatforms) = preSolution
		Debug|Any CPU = Debug|Any CPU
		Release|Any CPU = Release|Any CPU
	EndGlobalSection
	GlobalSection(ProjectConfigurationPlatforms) = postSolution
		{DCDD3217-5732-47F8-AFF2-5916ADC722D9}.Debug|Any CPU.ActiveCfg = Debug|Any CPU
		{DCDD3217-5732-47F8-AFF2-5916ADC722D9}.Debug|Any CPU.Build.0 = Debug|Any CPU
		{DCDD3217-5732-47F8-AFF2-5916ADC722D9}.Release|Any CPU.ActiveCfg = Release|Any CPU
		{DCDD3217-5732-47F8-AFF2-5916ADC722D9}.Release|Any CPU.Build.0 = Release|Any CPU
	EndGlobalSection
	GlobalSection(SolutionProperties) = preSolution
		HideSolutionNode = FALSE
	EndGlobalSection
	GlobalSection(ExtensibilityGlobals) = postSolution
		SolutionGuid = {90BB9A79-1973-4B3A-AB55-A0E2CD8D244E}
	EndGlobalSection
EndGlobal
